Microsoft Visual Studio Solution File, Format Version 11.00
# Visual Studio 2008

Project("{E496BA3D-9C61-B4D1-74A3-4F3A9C8DEED4}") = "PigeonKid", "Assembly-CSharp.csproj", "{9F517AF9-9B8A-E14D-4543-8FE17FD98D63}"
EndProject
Global
	GlobalSection(SolutionConfigurationPlatforms) = preSolution
		Debug|Any CPU = Debug|Any CPU
		Release|Any CPU = Release|Any CPU
	EndGlobalSection
	GlobalSection(ProjectConfigurationPlatforms) = postSolution
		{9F517AF9-9B8A-E14D-4543-8FE17FD98D63}.Debug|Any CPU.ActiveCfg = Debug|Any CPU
		{9F517AF9-9B8A-E14D-4543-8FE17FD98D63}.Debug|Any CPU.Build.0 = Debug|Any CPU
		{9F517AF9-9B8A-E14D-4543-8FE17FD98D63}.Release|Any CPU.ActiveCfg = Release|Any CPU
		{9F517AF9-9B8A-E14D-4543-8FE17FD98D63}.Release|Any CPU.Build.0 = Release|Any CPU
	EndGlobalSection
	GlobalSection(SolutionProperties) = preSolution
		HideSolutionNode = FALSE
	EndGlobalSection
	GlobalSection(MonoDevelopProperties) = preSolution
		StartupItem = Assembly-CSharp.csproj
	EndGlobalSection
EndGlobal
