Microsoft Visual Studio Solution File, Format Version 11.00
# Visual Studio 2008

Project("{752E4BB3-CE9A-73D5-427C-97A90C88E92C}") = "pigeon-kid", "Assembly-CSharp.csproj", "{612AE93F-09AE-7CA0-75AF-BBA746781EC4}"
EndProject
Global
	GlobalSection(SolutionConfigurationPlatforms) = preSolution
		Debug|Any CPU = Debug|Any CPU
		Release|Any CPU = Release|Any CPU
	EndGlobalSection
	GlobalSection(ProjectConfigurationPlatforms) = postSolution
		{612AE93F-09AE-7CA0-75AF-BBA746781EC4}.Debug|Any CPU.ActiveCfg = Debug|Any CPU
		{612AE93F-09AE-7CA0-75AF-BBA746781EC4}.Debug|Any CPU.Build.0 = Debug|Any CPU
		{612AE93F-09AE-7CA0-75AF-BBA746781EC4}.Release|Any CPU.ActiveCfg = Release|Any CPU
		{612AE93F-09AE-7CA0-75AF-BBA746781EC4}.Release|Any CPU.Build.0 = Release|Any CPU
	EndGlobalSection
	GlobalSection(SolutionProperties) = preSolution
		HideSolutionNode = FALSE
	EndGlobalSection
	GlobalSection(MonoDevelopProperties) = preSolution
		StartupItem = Assembly-CSharp.csproj
	EndGlobalSection
EndGlobal
